
Microsoft Visual Studio Solution File, Format Version 12.00
# Visual Studio Version 17
VisualStudioVersion = 17.4.33205.214
MinimumVisualStudioVersion = 10.0.40219.1
Project("{FAE04EC0-301F-11D3-BF4B-00C04F79EFBC}") = "DT191G moment1.2 blazorwebbassembly", "DT191G moment1.2 blazorwebbassembly\DT191G moment1.2 blazorwebbassembly.csproj", "{9DA83E76-62D1-4228-8F8C-9FB7F6D26840}"
EndProject
Global
	GlobalSection(SolutionConfigurationPlatforms) = preSolution
		Debug|Any CPU = Debug|Any CPU
		Release|Any CPU = Release|Any CPU
	EndGlobalSection
	GlobalSection(ProjectConfigurationPlatforms) = postSolution
		{9DA83E76-62D1-4228-8F8C-9FB7F6D26840}.Debug|Any CPU.ActiveCfg = Debug|Any CPU
		{9DA83E76-62D1-4228-8F8C-9FB7F6D26840}.Debug|Any CPU.Build.0 = Debug|Any CPU
		{9DA83E76-62D1-4228-8F8C-9FB7F6D26840}.Release|Any CPU.ActiveCfg = Release|Any CPU
		{9DA83E76-62D1-4228-8F8C-9FB7F6D26840}.Release|Any CPU.Build.0 = Release|Any CPU
	EndGlobalSection
	GlobalSection(SolutionProperties) = preSolution
		HideSolutionNode = FALSE
	EndGlobalSection
	GlobalSection(ExtensibilityGlobals) = postSolution
		SolutionGuid = {8BA50EB9-3D09-4B83-8D20-774A6AE2DFA9}
	EndGlobalSection
EndGlobal
